
Microsoft Visual Studio Solution File, Format Version 12.00
# Visual Studio Version 17
VisualStudioVersion = 17.11.35312.102
MinimumVisualStudioVersion = 10.0.40219.1
Project("{FAE04EC0-301F-11D3-BF4B-00C04F79EFBC}") = "TaskManagerApp", "TaskManagerApp\TaskManagerApp.csproj", "{9EBA7030-0D8C-409D-B46F-1B9C7FDAED53}"
EndProject
Global
	GlobalSection(SolutionConfigurationPlatforms) = preSolution
		Debug|Any CPU = Debug|Any CPU
		Release|Any CPU = Release|Any CPU
	EndGlobalSection
	GlobalSection(ProjectConfigurationPlatforms) = postSolution
		{9EBA7030-0D8C-409D-B46F-1B9C7FDAED53}.Debug|Any CPU.ActiveCfg = Debug|Any CPU
		{9EBA7030-0D8C-409D-B46F-1B9C7FDAED53}.Debug|Any CPU.Build.0 = Debug|Any CPU
		{9EBA7030-0D8C-409D-B46F-1B9C7FDAED53}.Release|Any CPU.ActiveCfg = Release|Any CPU
		{9EBA7030-0D8C-409D-B46F-1B9C7FDAED53}.Release|Any CPU.Build.0 = Release|Any CPU
	EndGlobalSection
	GlobalSection(SolutionProperties) = preSolution
		HideSolutionNode = FALSE
	EndGlobalSection
	GlobalSection(ExtensibilityGlobals) = postSolution
		SolutionGuid = {6D4A328C-8EA2-4F1E-AA4E-63D15034EDF5}
	EndGlobalSection
EndGlobal
